
Microsoft Visual Studio Solution File, Format Version 12.00
# Visual Studio Version 17
VisualStudioVersion = 17.13.35828.75
MinimumVisualStudioVersion = 10.0.40219.1
Project("{8BC9CEB8-8B4A-11D0-8D11-00A0C91BC942}") = "ch04_1", "CH04_1\ch04_1.vcxproj", "{B2536C06-2462-4AD7-AD69-EA6434BFC2BB}"
EndProject
Project("{8BC9CEB8-8B4A-11D0-8D11-00A0C91BC942}") = "dataStructure 3주차", "CH03\dataStructure 3주차.vcxproj", "{32629616-C148-44D8-92B1-F11D9C458A81}"
EndProject
Project("{8BC9CEB8-8B4A-11D0-8D11-00A0C91BC942}") = "CH04_2", "CH04_2\CH04_2.vcxproj", "{FB77927F-0576-4D1C-A30B-0DEF23F33455}"
EndProject
Project("{8BC9CEB8-8B4A-11D0-8D11-00A0C91BC942}") = "CH04_3", "CH04_3\CH04_3.vcxproj", "{959EDD8F-328C-4022-BA06-B056774A9B94}"
EndProject
Project("{8BC9CEB8-8B4A-11D0-8D11-00A0C91BC942}") = "CH04_4", "CH04_4\CH04_4.vcxproj", "{8EBBCBA0-C866-4639-8CEE-AD1618D5697A}"
EndProject
Project("{8BC9CEB8-8B4A-11D0-8D11-00A0C91BC942}") = "CH04_5", "CH04_5\CH04_5.vcxproj", "{ACB3AE74-D99C-491C-BE43-0B16C0AD83F2}"
EndProject
Global
	GlobalSection(SolutionConfigurationPlatforms) = preSolution
		Debug|x64 = Debug|x64
		Debug|x86 = Debug|x86
		Release|x64 = Release|x64
		Release|x86 = Release|x86
	EndGlobalSection
	GlobalSection(ProjectConfigurationPlatforms) = postSolution
		{B2536C06-2462-4AD7-AD69-EA6434BFC2BB}.Debug|x64.ActiveCfg = Debug|x64
		{B2536C06-2462-4AD7-AD69-EA6434BFC2BB}.Debug|x64.Build.0 = Debug|x64
		{B2536C06-2462-4AD7-AD69-EA6434BFC2BB}.Debug|x86.ActiveCfg = Debug|Win32
		{B2536C06-2462-4AD7-AD69-EA6434BFC2BB}.Debug|x86.Build.0 = Debug|Win32
		{B2536C06-2462-4AD7-AD69-EA6434BFC2BB}.Release|x64.ActiveCfg = Release|x64
		{B2536C06-2462-4AD7-AD69-EA6434BFC2BB}.Release|x64.Build.0 = Release|x64
		{B2536C06-2462-4AD7-AD69-EA6434BFC2BB}.Release|x86.ActiveCfg = Release|Win32
		{B2536C06-2462-4AD7-AD69-EA6434BFC2BB}.Release|x86.Build.0 = Release|Win32
		{32629616-C148-44D8-92B1-F11D9C458A81}.Debug|x64.ActiveCfg = Debug|x64
		{32629616-C148-44D8-92B1-F11D9C458A81}.Debug|x64.Build.0 = Debug|x64
		{32629616-C148-44D8-92B1-F11D9C458A81}.Debug|x86.ActiveCfg = Debug|Win32
		{32629616-C148-44D8-92B1-F11D9C458A81}.Debug|x86.Build.0 = Debug|Win32
		{32629616-C148-44D8-92B1-F11D9C458A81}.Release|x64.ActiveCfg = Release|x64
		{32629616-C148-44D8-92B1-F11D9C458A81}.Release|x64.Build.0 = Release|x64
		{32629616-C148-44D8-92B1-F11D9C458A81}.Release|x86.ActiveCfg = Release|Win32
		{32629616-C148-44D8-92B1-F11D9C458A81}.Release|x86.Build.0 = Release|Win32
		{FB77927F-0576-4D1C-A30B-0DEF23F33455}.Debug|x64.ActiveCfg = Debug|x64
		{FB77927F-0576-4D1C-A30B-0DEF23F33455}.Debug|x64.Build.0 = Debug|x64
		{FB77927F-0576-4D1C-A30B-0DEF23F33455}.Debug|x86.ActiveCfg = Debug|Win32
		{FB77927F-0576-4D1C-A30B-0DEF23F33455}.Debug|x86.Build.0 = Debug|Win32
		{FB77927F-0576-4D1C-A30B-0DEF23F33455}.Release|x64.ActiveCfg = Release|x64
		{FB77927F-0576-4D1C-A30B-0DEF23F33455}.Release|x64.Build.0 = Release|x64
		{FB77927F-0576-4D1C-A30B-0DEF23F33455}.Release|x86.ActiveCfg = Release|Win32
		{FB77927F-0576-4D1C-A30B-0DEF23F33455}.Release|x86.Build.0 = Release|Win32
		{959EDD8F-328C-4022-BA06-B056774A9B94}.Debug|x64.ActiveCfg = Debug|x64
		{959EDD8F-328C-4022-BA06-B056774A9B94}.Debug|x64.Build.0 = Debug|x64
		{959EDD8F-328C-4022-BA06-B056774A9B94}.Debug|x86.ActiveCfg = Debug|Win32
		{959EDD8F-328C-4022-BA06-B056774A9B94}.Debug|x86.Build.0 = Debug|Win32
		{959EDD8F-328C-4022-BA06-B056774A9B94}.Release|x64.ActiveCfg = Release|x64
		{959EDD8F-328C-4022-BA06-B056774A9B94}.Release|x64.Build.0 = Release|x64
		{959EDD8F-328C-4022-BA06-B056774A9B94}.Release|x86.ActiveCfg = Release|Win32
		{959EDD8F-328C-4022-BA06-B056774A9B94}.Release|x86.Build.0 = Release|Win32
		{8EBBCBA0-C866-4639-8CEE-AD1618D5697A}.Debug|x64.ActiveCfg = Debug|x64
		{8EBBCBA0-C866-4639-8CEE-AD1618D5697A}.Debug|x64.Build.0 = Debug|x64
		{8EBBCBA0-C866-4639-8CEE-AD1618D5697A}.Debug|x86.ActiveCfg = Debug|Win32
		{8EBBCBA0-C866-4639-8CEE-AD1618D5697A}.Debug|x86.Build.0 = Debug|Win32
		{8EBBCBA0-C866-4639-8CEE-AD1618D5697A}.Release|x64.ActiveCfg = Release|x64
		{8EBBCBA0-C866-4639-8CEE-AD1618D5697A}.Release|x64.Build.0 = Release|x64
		{8EBBCBA0-C866-4639-8CEE-AD1618D5697A}.Release|x86.ActiveCfg = Release|Win32
		{8EBBCBA0-C866-4639-8CEE-AD1618D5697A}.Release|x86.Build.0 = Release|Win32
		{ACB3AE74-D99C-491C-BE43-0B16C0AD83F2}.Debug|x64.ActiveCfg = Debug|x64
		{ACB3AE74-D99C-491C-BE43-0B16C0AD83F2}.Debug|x64.Build.0 = Debug|x64
		{ACB3AE74-D99C-491C-BE43-0B16C0AD83F2}.Debug|x86.ActiveCfg = Debug|Win32
		{ACB3AE74-D99C-491C-BE43-0B16C0AD83F2}.Debug|x86.Build.0 = Debug|Win32
		{ACB3AE74-D99C-491C-BE43-0B16C0AD83F2}.Release|x64.ActiveCfg = Release|x64
		{ACB3AE74-D99C-491C-BE43-0B16C0AD83F2}.Release|x64.Build.0 = Release|x64
		{ACB3AE74-D99C-491C-BE43-0B16C0AD83F2}.Release|x86.ActiveCfg = Release|Win32
		{ACB3AE74-D99C-491C-BE43-0B16C0AD83F2}.Release|x86.Build.0 = Release|Win32
	EndGlobalSection
	GlobalSection(SolutionProperties) = preSolution
		HideSolutionNode = FALSE
	EndGlobalSection
	GlobalSection(ExtensibilityGlobals) = postSolution
		SolutionGuid = {6625FCAE-E22B-47CD-B064-A2D47FD812DD}
	EndGlobalSection
EndGlobal
