
Microsoft Visual Studio Solution File, Format Version 12.00
# Visual Studio Version 17
VisualStudioVersion = 17.13.35828.75
MinimumVisualStudioVersion = 10.0.40219.1
Project("{8BC9CEB8-8B4A-11D0-8D11-00A0C91BC942}") = "ch04_1", "CH04_1\ch04_1.vcxproj", "{B2536C06-2462-4AD7-AD69-EA6434BFC2BB}"
EndProject
Project("{8BC9CEB8-8B4A-11D0-8D11-00A0C91BC942}") = "dataStructure 3주차", "CH03\dataStructure 3주차.vcxproj", "{32629616-C148-44D8-92B1-F11D9C458A81}"
EndProject
Project("{8BC9CEB8-8B4A-11D0-8D11-00A0C91BC942}") = "CH04_2", "CH04_2\CH04_2.vcxproj", "{FB77927F-0576-4D1C-A30B-0DEF23F33455}"
EndProject
Project("{8BC9CEB8-8B4A-11D0-8D11-00A0C91BC942}") = "CH04_3", "CH04_3\CH04_3.vcxproj", "{959EDD8F-328C-4022-BA06-B056774A9B94}"
EndProject
Project("{8BC9CEB8-8B4A-11D0-8D11-00A0C91BC942}") = "CH04_4", "CH04_4\CH04_4.vcxproj", "{8EBBCBA0-C866-4639-8CEE-AD1618D5697A}"
EndProject
Project("{8BC9CEB8-8B4A-11D0-8D11-00A0C91BC942}") = "CH04_5", "CH04_5\CH04_5.vcxproj", "{ACB3AE74-D99C-491C-BE43-0B16C0AD83F2}"
EndProject
Project("{8BC9CEB8-8B4A-11D0-8D11-00A0C91BC942}") = "CH05_1", "CH05_1\CH05_1.vcxproj", "{38C9F035-FD76-4D9E-A1A5-EE46C2A38AF8}"
EndProject
Project("{8BC9CEB8-8B4A-11D0-8D11-00A0C91BC942}") = "CH05_2", "CH05_2\CH05_2.vcxproj", "{AF158AC2-EEE8-4ADD-B53F-085712945087}"
EndProject
Project("{8BC9CEB8-8B4A-11D0-8D11-00A0C91BC942}") = "CH05_3", "CH05_3\CH05_3.vcxproj", "{0163ACC7-EB5E-4340-8A61-6F93FAF4E15E}"
EndProject
Project("{8BC9CEB8-8B4A-11D0-8D11-00A0C91BC942}") = "CH05_4", "CH05_4\CH05_4.vcxproj", "{59D5C169-8681-4A35-9710-B65A878C2DFA}"
EndProject
Project("{8BC9CEB8-8B4A-11D0-8D11-00A0C91BC942}") = "CH06_1", "CH06_1\CH06_1.vcxproj", "{4A092575-CC62-4CB6-BDD0-760264A9CF79}"
EndProject
Project("{8BC9CEB8-8B4A-11D0-8D11-00A0C91BC942}") = "CH06_2", "CH06_2\CH06_2.vcxproj", "{12F62987-131E-4014-A0D7-BF4C0BA69BE8}"
EndProject
Project("{8BC9CEB8-8B4A-11D0-8D11-00A0C91BC942}") = "CH06_3", "CH06_3\CH06_3.vcxproj", "{FC98B8F8-2C6F-4A22-BC46-7E7D64965B6C}"
EndProject
Project("{8BC9CEB8-8B4A-11D0-8D11-00A0C91BC942}") = "CH06_4", "CH06_4\CH06_4.vcxproj", "{9985C148-DE94-4D61-8646-E96262B7837B}"
EndProject
Global
	GlobalSection(SolutionConfigurationPlatforms) = preSolution
		Debug|x64 = Debug|x64
		Debug|x86 = Debug|x86
		Release|x64 = Release|x64
		Release|x86 = Release|x86
	EndGlobalSection
	GlobalSection(ProjectConfigurationPlatforms) = postSolution
		{B2536C06-2462-4AD7-AD69-EA6434BFC2BB}.Debug|x64.ActiveCfg = Debug|x64
		{B2536C06-2462-4AD7-AD69-EA6434BFC2BB}.Debug|x64.Build.0 = Debug|x64
		{B2536C06-2462-4AD7-AD69-EA6434BFC2BB}.Debug|x86.ActiveCfg = Debug|Win32
		{B2536C06-2462-4AD7-AD69-EA6434BFC2BB}.Debug|x86.Build.0 = Debug|Win32
		{B2536C06-2462-4AD7-AD69-EA6434BFC2BB}.Release|x64.ActiveCfg = Release|x64
		{B2536C06-2462-4AD7-AD69-EA6434BFC2BB}.Release|x64.Build.0 = Release|x64
		{B2536C06-2462-4AD7-AD69-EA6434BFC2BB}.Release|x86.ActiveCfg = Release|Win32
		{B2536C06-2462-4AD7-AD69-EA6434BFC2BB}.Release|x86.Build.0 = Release|Win32
		{32629616-C148-44D8-92B1-F11D9C458A81}.Debug|x64.ActiveCfg = Debug|x64
		{32629616-C148-44D8-92B1-F11D9C458A81}.Debug|x64.Build.0 = Debug|x64
		{32629616-C148-44D8-92B1-F11D9C458A81}.Debug|x86.ActiveCfg = Debug|Win32
		{32629616-C148-44D8-92B1-F11D9C458A81}.Debug|x86.Build.0 = Debug|Win32
		{32629616-C148-44D8-92B1-F11D9C458A81}.Release|x64.ActiveCfg = Release|x64
		{32629616-C148-44D8-92B1-F11D9C458A81}.Release|x64.Build.0 = Release|x64
		{32629616-C148-44D8-92B1-F11D9C458A81}.Release|x86.ActiveCfg = Release|Win32
		{32629616-C148-44D8-92B1-F11D9C458A81}.Release|x86.Build.0 = Release|Win32
		{FB77927F-0576-4D1C-A30B-0DEF23F33455}.Debug|x64.ActiveCfg = Debug|x64
		{FB77927F-0576-4D1C-A30B-0DEF23F33455}.Debug|x64.Build.0 = Debug|x64
		{FB77927F-0576-4D1C-A30B-0DEF23F33455}.Debug|x86.ActiveCfg = Debug|Win32
		{FB77927F-0576-4D1C-A30B-0DEF23F33455}.Debug|x86.Build.0 = Debug|Win32
		{FB77927F-0576-4D1C-A30B-0DEF23F33455}.Release|x64.ActiveCfg = Release|x64
		{FB77927F-0576-4D1C-A30B-0DEF23F33455}.Release|x64.Build.0 = Release|x64
		{FB77927F-0576-4D1C-A30B-0DEF23F33455}.Release|x86.ActiveCfg = Release|Win32
		{FB77927F-0576-4D1C-A30B-0DEF23F33455}.Release|x86.Build.0 = Release|Win32
		{959EDD8F-328C-4022-BA06-B056774A9B94}.Debug|x64.ActiveCfg = Debug|x64
		{959EDD8F-328C-4022-BA06-B056774A9B94}.Debug|x64.Build.0 = Debug|x64
		{959EDD8F-328C-4022-BA06-B056774A9B94}.Debug|x86.ActiveCfg = Debug|Win32
		{959EDD8F-328C-4022-BA06-B056774A9B94}.Debug|x86.Build.0 = Debug|Win32
		{959EDD8F-328C-4022-BA06-B056774A9B94}.Release|x64.ActiveCfg = Release|x64
		{959EDD8F-328C-4022-BA06-B056774A9B94}.Release|x64.Build.0 = Release|x64
		{959EDD8F-328C-4022-BA06-B056774A9B94}.Release|x86.ActiveCfg = Release|Win32
		{959EDD8F-328C-4022-BA06-B056774A9B94}.Release|x86.Build.0 = Release|Win32
		{8EBBCBA0-C866-4639-8CEE-AD1618D5697A}.Debug|x64.ActiveCfg = Debug|x64
		{8EBBCBA0-C866-4639-8CEE-AD1618D5697A}.Debug|x64.Build.0 = Debug|x64
		{8EBBCBA0-C866-4639-8CEE-AD1618D5697A}.Debug|x86.ActiveCfg = Debug|Win32
		{8EBBCBA0-C866-4639-8CEE-AD1618D5697A}.Debug|x86.Build.0 = Debug|Win32
		{8EBBCBA0-C866-4639-8CEE-AD1618D5697A}.Release|x64.ActiveCfg = Release|x64
		{8EBBCBA0-C866-4639-8CEE-AD1618D5697A}.Release|x64.Build.0 = Release|x64
		{8EBBCBA0-C866-4639-8CEE-AD1618D5697A}.Release|x86.ActiveCfg = Release|Win32
		{8EBBCBA0-C866-4639-8CEE-AD1618D5697A}.Release|x86.Build.0 = Release|Win32
		{ACB3AE74-D99C-491C-BE43-0B16C0AD83F2}.Debug|x64.ActiveCfg = Debug|x64
		{ACB3AE74-D99C-491C-BE43-0B16C0AD83F2}.Debug|x64.Build.0 = Debug|x64
		{ACB3AE74-D99C-491C-BE43-0B16C0AD83F2}.Debug|x86.ActiveCfg = Debug|Win32
		{ACB3AE74-D99C-491C-BE43-0B16C0AD83F2}.Debug|x86.Build.0 = Debug|Win32
		{ACB3AE74-D99C-491C-BE43-0B16C0AD83F2}.Release|x64.ActiveCfg = Release|x64
		{ACB3AE74-D99C-491C-BE43-0B16C0AD83F2}.Release|x64.Build.0 = Release|x64
		{ACB3AE74-D99C-491C-BE43-0B16C0AD83F2}.Release|x86.ActiveCfg = Release|Win32
		{ACB3AE74-D99C-491C-BE43-0B16C0AD83F2}.Release|x86.Build.0 = Release|Win32
		{38C9F035-FD76-4D9E-A1A5-EE46C2A38AF8}.Debug|x64.ActiveCfg = Debug|x64
		{38C9F035-FD76-4D9E-A1A5-EE46C2A38AF8}.Debug|x64.Build.0 = Debug|x64
		{38C9F035-FD76-4D9E-A1A5-EE46C2A38AF8}.Debug|x86.ActiveCfg = Debug|Win32
		{38C9F035-FD76-4D9E-A1A5-EE46C2A38AF8}.Debug|x86.Build.0 = Debug|Win32
		{38C9F035-FD76-4D9E-A1A5-EE46C2A38AF8}.Release|x64.ActiveCfg = Release|x64
		{38C9F035-FD76-4D9E-A1A5-EE46C2A38AF8}.Release|x64.Build.0 = Release|x64
		{38C9F035-FD76-4D9E-A1A5-EE46C2A38AF8}.Release|x86.ActiveCfg = Release|Win32
		{38C9F035-FD76-4D9E-A1A5-EE46C2A38AF8}.Release|x86.Build.0 = Release|Win32
		{AF158AC2-EEE8-4ADD-B53F-085712945087}.Debug|x64.ActiveCfg = Debug|x64
		{AF158AC2-EEE8-4ADD-B53F-085712945087}.Debug|x64.Build.0 = Debug|x64
		{AF158AC2-EEE8-4ADD-B53F-085712945087}.Debug|x86.ActiveCfg = Debug|Win32
		{AF158AC2-EEE8-4ADD-B53F-085712945087}.Debug|x86.Build.0 = Debug|Win32
		{AF158AC2-EEE8-4ADD-B53F-085712945087}.Release|x64.ActiveCfg = Release|x64
		{AF158AC2-EEE8-4ADD-B53F-085712945087}.Release|x64.Build.0 = Release|x64
		{AF158AC2-EEE8-4ADD-B53F-085712945087}.Release|x86.ActiveCfg = Release|Win32
		{AF158AC2-EEE8-4ADD-B53F-085712945087}.Release|x86.Build.0 = Release|Win32
		{0163ACC7-EB5E-4340-8A61-6F93FAF4E15E}.Debug|x64.ActiveCfg = Debug|x64
		{0163ACC7-EB5E-4340-8A61-6F93FAF4E15E}.Debug|x64.Build.0 = Debug|x64
		{0163ACC7-EB5E-4340-8A61-6F93FAF4E15E}.Debug|x86.ActiveCfg = Debug|Win32
		{0163ACC7-EB5E-4340-8A61-6F93FAF4E15E}.Debug|x86.Build.0 = Debug|Win32
		{0163ACC7-EB5E-4340-8A61-6F93FAF4E15E}.Release|x64.ActiveCfg = Release|x64
		{0163ACC7-EB5E-4340-8A61-6F93FAF4E15E}.Release|x64.Build.0 = Release|x64
		{0163ACC7-EB5E-4340-8A61-6F93FAF4E15E}.Release|x86.ActiveCfg = Release|Win32
		{0163ACC7-EB5E-4340-8A61-6F93FAF4E15E}.Release|x86.Build.0 = Release|Win32
		{59D5C169-8681-4A35-9710-B65A878C2DFA}.Debug|x64.ActiveCfg = Debug|x64
		{59D5C169-8681-4A35-9710-B65A878C2DFA}.Debug|x64.Build.0 = Debug|x64
		{59D5C169-8681-4A35-9710-B65A878C2DFA}.Debug|x86.ActiveCfg = Debug|Win32
		{59D5C169-8681-4A35-9710-B65A878C2DFA}.Debug|x86.Build.0 = Debug|Win32
		{59D5C169-8681-4A35-9710-B65A878C2DFA}.Release|x64.ActiveCfg = Release|x64
		{59D5C169-8681-4A35-9710-B65A878C2DFA}.Release|x64.Build.0 = Release|x64
		{59D5C169-8681-4A35-9710-B65A878C2DFA}.Release|x86.ActiveCfg = Release|Win32
		{59D5C169-8681-4A35-9710-B65A878C2DFA}.Release|x86.Build.0 = Release|Win32
		{4A092575-CC62-4CB6-BDD0-760264A9CF79}.Debug|x64.ActiveCfg = Debug|x64
		{4A092575-CC62-4CB6-BDD0-760264A9CF79}.Debug|x64.Build.0 = Debug|x64
		{4A092575-CC62-4CB6-BDD0-760264A9CF79}.Debug|x86.ActiveCfg = Debug|Win32
		{4A092575-CC62-4CB6-BDD0-760264A9CF79}.Debug|x86.Build.0 = Debug|Win32
		{4A092575-CC62-4CB6-BDD0-760264A9CF79}.Release|x64.ActiveCfg = Release|x64
		{4A092575-CC62-4CB6-BDD0-760264A9CF79}.Release|x64.Build.0 = Release|x64
		{4A092575-CC62-4CB6-BDD0-760264A9CF79}.Release|x86.ActiveCfg = Release|Win32
		{4A092575-CC62-4CB6-BDD0-760264A9CF79}.Release|x86.Build.0 = Release|Win32
		{12F62987-131E-4014-A0D7-BF4C0BA69BE8}.Debug|x64.ActiveCfg = Debug|x64
		{12F62987-131E-4014-A0D7-BF4C0BA69BE8}.Debug|x64.Build.0 = Debug|x64
		{12F62987-131E-4014-A0D7-BF4C0BA69BE8}.Debug|x86.ActiveCfg = Debug|Win32
		{12F62987-131E-4014-A0D7-BF4C0BA69BE8}.Debug|x86.Build.0 = Debug|Win32
		{12F62987-131E-4014-A0D7-BF4C0BA69BE8}.Release|x64.ActiveCfg = Release|x64
		{12F62987-131E-4014-A0D7-BF4C0BA69BE8}.Release|x64.Build.0 = Release|x64
		{12F62987-131E-4014-A0D7-BF4C0BA69BE8}.Release|x86.ActiveCfg = Release|Win32
		{12F62987-131E-4014-A0D7-BF4C0BA69BE8}.Release|x86.Build.0 = Release|Win32
		{FC98B8F8-2C6F-4A22-BC46-7E7D64965B6C}.Debug|x64.ActiveCfg = Debug|x64
		{FC98B8F8-2C6F-4A22-BC46-7E7D64965B6C}.Debug|x64.Build.0 = Debug|x64
		{FC98B8F8-2C6F-4A22-BC46-7E7D64965B6C}.Debug|x86.ActiveCfg = Debug|Win32
		{FC98B8F8-2C6F-4A22-BC46-7E7D64965B6C}.Debug|x86.Build.0 = Debug|Win32
		{FC98B8F8-2C6F-4A22-BC46-7E7D64965B6C}.Release|x64.ActiveCfg = Release|x64
		{FC98B8F8-2C6F-4A22-BC46-7E7D64965B6C}.Release|x64.Build.0 = Release|x64
		{FC98B8F8-2C6F-4A22-BC46-7E7D64965B6C}.Release|x86.ActiveCfg = Release|Win32
		{FC98B8F8-2C6F-4A22-BC46-7E7D64965B6C}.Release|x86.Build.0 = Release|Win32
		{9985C148-DE94-4D61-8646-E96262B7837B}.Debug|x64.ActiveCfg = Debug|x64
		{9985C148-DE94-4D61-8646-E96262B7837B}.Debug|x64.Build.0 = Debug|x64
		{9985C148-DE94-4D61-8646-E96262B7837B}.Debug|x86.ActiveCfg = Debug|Win32
		{9985C148-DE94-4D61-8646-E96262B7837B}.Debug|x86.Build.0 = Debug|Win32
		{9985C148-DE94-4D61-8646-E96262B7837B}.Release|x64.ActiveCfg = Release|x64
		{9985C148-DE94-4D61-8646-E96262B7837B}.Release|x64.Build.0 = Release|x64
		{9985C148-DE94-4D61-8646-E96262B7837B}.Release|x86.ActiveCfg = Release|Win32
		{9985C148-DE94-4D61-8646-E96262B7837B}.Release|x86.Build.0 = Release|Win32
	EndGlobalSection
	GlobalSection(SolutionProperties) = preSolution
		HideSolutionNode = FALSE
	EndGlobalSection
	GlobalSection(ExtensibilityGlobals) = postSolution
		SolutionGuid = {6625FCAE-E22B-47CD-B064-A2D47FD812DD}
	EndGlobalSection
EndGlobal
