
Microsoft Visual Studio Solution File, Format Version 12.00
# Visual Studio Version 17
VisualStudioVersion = 17.13.35828.75
MinimumVisualStudioVersion = 10.0.40219.1
Project("{8BC9CEB8-8B4A-11D0-8D11-00A0C91BC942}") = "CH04_2", "CH04_2\CH04_2.vcxproj", "{6A7909B9-6511-43E6-B05D-541C6A22E7E4}"
EndProject
Project("{8BC9CEB8-8B4A-11D0-8D11-00A0C91BC942}") = "CH04_3", "CH04_3\CH04_3.vcxproj", "{A45DBCB8-0E5E-4713-BDBF-1367FECE2703}"
EndProject
Project("{8BC9CEB8-8B4A-11D0-8D11-00A0C91BC942}") = "CH04_4", "CH04_4\CH04_4.vcxproj", "{63B68D02-475E-4F88-B0B7-3C246258274E}"
EndProject
Project("{8BC9CEB8-8B4A-11D0-8D11-00A0C91BC942}") = "CH04_5", "CH04_5\CH04_5.vcxproj", "{0F486377-435E-4B78-A31A-6D0AE6F7EE79}"
EndProject
Project("{8BC9CEB8-8B4A-11D0-8D11-00A0C91BC942}") = "dataStructure 3주차", "CH03\dataStructure 3주차.vcxproj", "{32629616-C148-44D8-92B1-F11D9C458A81}"
EndProject
Project("{8BC9CEB8-8B4A-11D0-8D11-00A0C91BC942}") = "dataStructure 4주차", "CH04_1\dataStructure 4주차.vcxproj", "{A6F425E9-F7AF-46BF-82F3-270EC9E52D19}"
EndProject
Global
	GlobalSection(SolutionConfigurationPlatforms) = preSolution
		Debug|x64 = Debug|x64
		Debug|x86 = Debug|x86
		Release|x64 = Release|x64
		Release|x86 = Release|x86
	EndGlobalSection
	GlobalSection(ProjectConfigurationPlatforms) = postSolution
		{6A7909B9-6511-43E6-B05D-541C6A22E7E4}.Debug|x64.ActiveCfg = Debug|x64
		{6A7909B9-6511-43E6-B05D-541C6A22E7E4}.Debug|x64.Build.0 = Debug|x64
		{6A7909B9-6511-43E6-B05D-541C6A22E7E4}.Debug|x86.ActiveCfg = Debug|Win32
		{6A7909B9-6511-43E6-B05D-541C6A22E7E4}.Debug|x86.Build.0 = Debug|Win32
		{6A7909B9-6511-43E6-B05D-541C6A22E7E4}.Release|x64.ActiveCfg = Release|x64
		{6A7909B9-6511-43E6-B05D-541C6A22E7E4}.Release|x64.Build.0 = Release|x64
		{6A7909B9-6511-43E6-B05D-541C6A22E7E4}.Release|x86.ActiveCfg = Release|Win32
		{6A7909B9-6511-43E6-B05D-541C6A22E7E4}.Release|x86.Build.0 = Release|Win32
		{A45DBCB8-0E5E-4713-BDBF-1367FECE2703}.Debug|x64.ActiveCfg = Debug|x64
		{A45DBCB8-0E5E-4713-BDBF-1367FECE2703}.Debug|x64.Build.0 = Debug|x64
		{A45DBCB8-0E5E-4713-BDBF-1367FECE2703}.Debug|x86.ActiveCfg = Debug|Win32
		{A45DBCB8-0E5E-4713-BDBF-1367FECE2703}.Debug|x86.Build.0 = Debug|Win32
		{A45DBCB8-0E5E-4713-BDBF-1367FECE2703}.Release|x64.ActiveCfg = Release|x64
		{A45DBCB8-0E5E-4713-BDBF-1367FECE2703}.Release|x64.Build.0 = Release|x64
		{A45DBCB8-0E5E-4713-BDBF-1367FECE2703}.Release|x86.ActiveCfg = Release|Win32
		{A45DBCB8-0E5E-4713-BDBF-1367FECE2703}.Release|x86.Build.0 = Release|Win32
		{63B68D02-475E-4F88-B0B7-3C246258274E}.Debug|x64.ActiveCfg = Debug|x64
		{63B68D02-475E-4F88-B0B7-3C246258274E}.Debug|x64.Build.0 = Debug|x64
		{63B68D02-475E-4F88-B0B7-3C246258274E}.Debug|x86.ActiveCfg = Debug|Win32
		{63B68D02-475E-4F88-B0B7-3C246258274E}.Debug|x86.Build.0 = Debug|Win32
		{63B68D02-475E-4F88-B0B7-3C246258274E}.Release|x64.ActiveCfg = Release|x64
		{63B68D02-475E-4F88-B0B7-3C246258274E}.Release|x64.Build.0 = Release|x64
		{63B68D02-475E-4F88-B0B7-3C246258274E}.Release|x86.ActiveCfg = Release|Win32
		{63B68D02-475E-4F88-B0B7-3C246258274E}.Release|x86.Build.0 = Release|Win32
		{0F486377-435E-4B78-A31A-6D0AE6F7EE79}.Debug|x64.ActiveCfg = Debug|x64
		{0F486377-435E-4B78-A31A-6D0AE6F7EE79}.Debug|x64.Build.0 = Debug|x64
		{0F486377-435E-4B78-A31A-6D0AE6F7EE79}.Debug|x86.ActiveCfg = Debug|Win32
		{0F486377-435E-4B78-A31A-6D0AE6F7EE79}.Debug|x86.Build.0 = Debug|Win32
		{0F486377-435E-4B78-A31A-6D0AE6F7EE79}.Release|x64.ActiveCfg = Release|x64
		{0F486377-435E-4B78-A31A-6D0AE6F7EE79}.Release|x64.Build.0 = Release|x64
		{0F486377-435E-4B78-A31A-6D0AE6F7EE79}.Release|x86.ActiveCfg = Release|Win32
		{0F486377-435E-4B78-A31A-6D0AE6F7EE79}.Release|x86.Build.0 = Release|Win32
		{32629616-C148-44D8-92B1-F11D9C458A81}.Debug|x64.ActiveCfg = Debug|x64
		{32629616-C148-44D8-92B1-F11D9C458A81}.Debug|x64.Build.0 = Debug|x64
		{32629616-C148-44D8-92B1-F11D9C458A81}.Debug|x86.ActiveCfg = Debug|Win32
		{32629616-C148-44D8-92B1-F11D9C458A81}.Debug|x86.Build.0 = Debug|Win32
		{32629616-C148-44D8-92B1-F11D9C458A81}.Release|x64.ActiveCfg = Release|x64
		{32629616-C148-44D8-92B1-F11D9C458A81}.Release|x64.Build.0 = Release|x64
		{32629616-C148-44D8-92B1-F11D9C458A81}.Release|x86.ActiveCfg = Release|Win32
		{32629616-C148-44D8-92B1-F11D9C458A81}.Release|x86.Build.0 = Release|Win32
		{A6F425E9-F7AF-46BF-82F3-270EC9E52D19}.Debug|x64.ActiveCfg = Debug|x64
		{A6F425E9-F7AF-46BF-82F3-270EC9E52D19}.Debug|x64.Build.0 = Debug|x64
		{A6F425E9-F7AF-46BF-82F3-270EC9E52D19}.Debug|x86.ActiveCfg = Debug|Win32
		{A6F425E9-F7AF-46BF-82F3-270EC9E52D19}.Debug|x86.Build.0 = Debug|Win32
		{A6F425E9-F7AF-46BF-82F3-270EC9E52D19}.Release|x64.ActiveCfg = Release|x64
		{A6F425E9-F7AF-46BF-82F3-270EC9E52D19}.Release|x64.Build.0 = Release|x64
		{A6F425E9-F7AF-46BF-82F3-270EC9E52D19}.Release|x86.ActiveCfg = Release|Win32
		{A6F425E9-F7AF-46BF-82F3-270EC9E52D19}.Release|x86.Build.0 = Release|Win32
	EndGlobalSection
	GlobalSection(SolutionProperties) = preSolution
		HideSolutionNode = FALSE
	EndGlobalSection
	GlobalSection(ExtensibilityGlobals) = postSolution
		SolutionGuid = {6625FCAE-E22B-47CD-B064-A2D47FD812DD}
	EndGlobalSection
EndGlobal
